
Microsoft Visual Studio Solution File, Format Version 12.00
# Visual Studio Version 16
VisualStudioVersion = 25.0.1703.8
MinimumVisualStudioVersion = 10.0.40219.1
Project("{FAE04EC0-301F-11D3-BF4B-00C04F79EFBC}") = "ReizTech_TestTask", "ReizTech_TestTask\ReizTech_TestTask.csproj", "{AF31B26A-E2B0-4E67-9969-7817D7F70889}"
EndProject
Global
	GlobalSection(SolutionConfigurationPlatforms) = preSolution
		Debug|Any CPU = Debug|Any CPU
		Release|Any CPU = Release|Any CPU
	EndGlobalSection
	GlobalSection(ProjectConfigurationPlatforms) = postSolution
		{AF31B26A-E2B0-4E67-9969-7817D7F70889}.Debug|Any CPU.ActiveCfg = Debug|Any CPU
		{AF31B26A-E2B0-4E67-9969-7817D7F70889}.Debug|Any CPU.Build.0 = Debug|Any CPU
		{AF31B26A-E2B0-4E67-9969-7817D7F70889}.Release|Any CPU.ActiveCfg = Release|Any CPU
		{AF31B26A-E2B0-4E67-9969-7817D7F70889}.Release|Any CPU.Build.0 = Release|Any CPU
	EndGlobalSection
	GlobalSection(SolutionProperties) = preSolution
		HideSolutionNode = FALSE
	EndGlobalSection
	GlobalSection(ExtensibilityGlobals) = postSolution
		SolutionGuid = {C5A160F7-3A8C-4E05-AF4E-0E8BD24A39BC}
	EndGlobalSection
EndGlobal
